
Microsoft Visual Studio Solution File, Format Version 12.00
# Visual Studio Version 17
VisualStudioVersion = 17.10.35027.167
MinimumVisualStudioVersion = 10.0.40219.1
Project("{FAE04EC0-301F-11D3-BF4B-00C04F79EFBC}") = "ExampleBrowser", "ExampleBrowser\ExampleBrowser.csproj", "{B4AC71F4-82FC-454E-95FF-E7569A1A5A03}"
EndProject
Project("{9A19103F-16F7-4668-BE54-9A1E7A4F7556}") = "LearnWPFbook", "LearnWPFbook\LearnWPFbook.csproj", "{485A5A71-0478-47A2-B888-00FC661E0C81}"
EndProject
Project("{9A19103F-16F7-4668-BE54-9A1E7A4F7556}") = "UdemyCourse", "UdemyCourse\UdemyCourse.csproj", "{813939B2-9C76-4DE0-BD77-6312D90DFE52}"
EndProject
Project("{FAE04EC0-301F-11D3-BF4B-00C04F79EFBC}") = "FirstHelixToolkit", "FirstHelixToolkit\FirstHelixToolkit.csproj", "{0860C223-91CD-4E41-8770-3DBAF2BFCE6F}"
EndProject
Global
	GlobalSection(SolutionConfigurationPlatforms) = preSolution
		Debug|Any CPU = Debug|Any CPU
		Release|Any CPU = Release|Any CPU
	EndGlobalSection
	GlobalSection(ProjectConfigurationPlatforms) = postSolution
		{B4AC71F4-82FC-454E-95FF-E7569A1A5A03}.Debug|Any CPU.ActiveCfg = Debug|Any CPU
		{B4AC71F4-82FC-454E-95FF-E7569A1A5A03}.Debug|Any CPU.Build.0 = Debug|Any CPU
		{B4AC71F4-82FC-454E-95FF-E7569A1A5A03}.Release|Any CPU.ActiveCfg = Release|Any CPU
		{B4AC71F4-82FC-454E-95FF-E7569A1A5A03}.Release|Any CPU.Build.0 = Release|Any CPU
		{485A5A71-0478-47A2-B888-00FC661E0C81}.Debug|Any CPU.ActiveCfg = Debug|Any CPU
		{485A5A71-0478-47A2-B888-00FC661E0C81}.Debug|Any CPU.Build.0 = Debug|Any CPU
		{485A5A71-0478-47A2-B888-00FC661E0C81}.Release|Any CPU.ActiveCfg = Release|Any CPU
		{485A5A71-0478-47A2-B888-00FC661E0C81}.Release|Any CPU.Build.0 = Release|Any CPU
		{813939B2-9C76-4DE0-BD77-6312D90DFE52}.Debug|Any CPU.ActiveCfg = Debug|Any CPU
		{813939B2-9C76-4DE0-BD77-6312D90DFE52}.Debug|Any CPU.Build.0 = Debug|Any CPU
		{813939B2-9C76-4DE0-BD77-6312D90DFE52}.Release|Any CPU.ActiveCfg = Release|Any CPU
		{813939B2-9C76-4DE0-BD77-6312D90DFE52}.Release|Any CPU.Build.0 = Release|Any CPU
		{0860C223-91CD-4E41-8770-3DBAF2BFCE6F}.Debug|Any CPU.ActiveCfg = Debug|Any CPU
		{0860C223-91CD-4E41-8770-3DBAF2BFCE6F}.Debug|Any CPU.Build.0 = Debug|Any CPU
		{0860C223-91CD-4E41-8770-3DBAF2BFCE6F}.Release|Any CPU.ActiveCfg = Release|Any CPU
		{0860C223-91CD-4E41-8770-3DBAF2BFCE6F}.Release|Any CPU.Build.0 = Release|Any CPU
	EndGlobalSection
	GlobalSection(SolutionProperties) = preSolution
		HideSolutionNode = FALSE
	EndGlobalSection
	GlobalSection(ExtensibilityGlobals) = postSolution
		SolutionGuid = {21295AAF-BA06-470C-893A-DC679B513CC2}
	EndGlobalSection
EndGlobal
